
Microsoft Visual Studio Solution File, Format Version 12.00
# Visual Studio 15
Project("{FAE04EC0-301F-11D3-BF4B-00C04F79EFBC}") = "Assembly-CSharp", "Assembly-CSharp.csproj", "{EE734495-FFDB-8A62-AE93-F3B0553918F0}"
EndProject
Project("{FAE04EC0-301F-11D3-BF4B-00C04F79EFBC}") = "Assembly-CSharp-Editor", "Assembly-CSharp-Editor.csproj", "{407A97DC-2778-5EAC-02E8-B2CE13C132BA}"
EndProject
Global
	GlobalSection(SolutionConfigurationPlatforms) = preSolution
		Debug|Any CPU = Debug|Any CPU
		Release|Any CPU = Release|Any CPU
	EndGlobalSection
	GlobalSection(ProjectConfigurationPlatforms) = postSolution
		{EE734495-FFDB-8A62-AE93-F3B0553918F0}.Debug|Any CPU.ActiveCfg = Debug|Any CPU
		{EE734495-FFDB-8A62-AE93-F3B0553918F0}.Debug|Any CPU.Build.0 = Debug|Any CPU
		{EE734495-FFDB-8A62-AE93-F3B0553918F0}.Release|Any CPU.ActiveCfg = Release|Any CPU
		{EE734495-FFDB-8A62-AE93-F3B0553918F0}.Release|Any CPU.Build.0 = Release|Any CPU
		{407A97DC-2778-5EAC-02E8-B2CE13C132BA}.Debug|Any CPU.ActiveCfg = Debug|Any CPU
		{407A97DC-2778-5EAC-02E8-B2CE13C132BA}.Debug|Any CPU.Build.0 = Debug|Any CPU
		{407A97DC-2778-5EAC-02E8-B2CE13C132BA}.Release|Any CPU.ActiveCfg = Release|Any CPU
		{407A97DC-2778-5EAC-02E8-B2CE13C132BA}.Release|Any CPU.Build.0 = Release|Any CPU
	EndGlobalSection
	GlobalSection(SolutionProperties) = preSolution
		HideSolutionNode = FALSE
	EndGlobalSection
EndGlobal
